
Microsoft Visual Studio Solution File, Format Version 12.00
# Visual Studio Version 17
VisualStudioVersion = 17.14.36511.14
MinimumVisualStudioVersion = 10.0.40219.1
Project("{8BC9CEB8-8B4A-11D0-8D11-00A0C91BC942}") = "Teatproject", "Teatproject\Teatproject.vcxproj", "{CA86910C-3231-4EC8-91B6-2DB3C46B31CB}"
EndProject
Project("{8BC9CEB8-8B4A-11D0-8D11-00A0C91BC942}") = "TestProject2", "TestProject2\TestProject2.vcxproj", "{8855B536-EA6F-4472-8E09-ECAF8D5D68B1}"
EndProject
Global
	GlobalSection(SolutionConfigurationPlatforms) = preSolution
		Debug|x64 = Debug|x64
		Debug|x86 = Debug|x86
		Release|x64 = Release|x64
		Release|x86 = Release|x86
	EndGlobalSection
	GlobalSection(ProjectConfigurationPlatforms) = postSolution
		{CA86910C-3231-4EC8-91B6-2DB3C46B31CB}.Debug|x64.ActiveCfg = Debug|x64
		{CA86910C-3231-4EC8-91B6-2DB3C46B31CB}.Debug|x64.Build.0 = Debug|x64
		{CA86910C-3231-4EC8-91B6-2DB3C46B31CB}.Debug|x86.ActiveCfg = Debug|Win32
		{CA86910C-3231-4EC8-91B6-2DB3C46B31CB}.Debug|x86.Build.0 = Debug|Win32
		{CA86910C-3231-4EC8-91B6-2DB3C46B31CB}.Release|x64.ActiveCfg = Release|x64
		{CA86910C-3231-4EC8-91B6-2DB3C46B31CB}.Release|x64.Build.0 = Release|x64
		{CA86910C-3231-4EC8-91B6-2DB3C46B31CB}.Release|x86.ActiveCfg = Release|Win32
		{CA86910C-3231-4EC8-91B6-2DB3C46B31CB}.Release|x86.Build.0 = Release|Win32
		{8855B536-EA6F-4472-8E09-ECAF8D5D68B1}.Debug|x64.ActiveCfg = Debug|x64
		{8855B536-EA6F-4472-8E09-ECAF8D5D68B1}.Debug|x64.Build.0 = Debug|x64
		{8855B536-EA6F-4472-8E09-ECAF8D5D68B1}.Debug|x86.ActiveCfg = Debug|Win32
		{8855B536-EA6F-4472-8E09-ECAF8D5D68B1}.Debug|x86.Build.0 = Debug|Win32
		{8855B536-EA6F-4472-8E09-ECAF8D5D68B1}.Release|x64.ActiveCfg = Release|x64
		{8855B536-EA6F-4472-8E09-ECAF8D5D68B1}.Release|x64.Build.0 = Release|x64
		{8855B536-EA6F-4472-8E09-ECAF8D5D68B1}.Release|x86.ActiveCfg = Release|Win32
		{8855B536-EA6F-4472-8E09-ECAF8D5D68B1}.Release|x86.Build.0 = Release|Win32
	EndGlobalSection
	GlobalSection(SolutionProperties) = preSolution
		HideSolutionNode = FALSE
	EndGlobalSection
	GlobalSection(ExtensibilityGlobals) = postSolution
		SolutionGuid = {273C4752-4E8C-42F4-A5F9-E9ACD04A8DCF}
	EndGlobalSection
EndGlobal
